
Microsoft Visual Studio Solution File, Format Version 12.00
# Visual Studio 15
VisualStudioVersion = 15.0.28010.2048
MinimumVisualStudioVersion = 10.0.40219.1
Project("{FAE04EC0-301F-11D3-BF4B-00C04F79EFBC}") = "OnlineRecruitmentSystem", "OnlineRecruitmentSystem\OnlineRecruitmentSystem.csproj", "{FB6E50E2-3132-45C6-8CC8-F439716EB6BF}"
EndProject
Project("{FAE04EC0-301F-11D3-BF4B-00C04F79EFBC}") = "Models", "Models\Models.csproj", "{F67AED58-26E8-46BD-8FA5-9C0762D2D8E9}"
EndProject
Project("{FAE04EC0-301F-11D3-BF4B-00C04F79EFBC}") = "OnlineRecuitmentSystemBLL", "OnlineRecuitmentSystemBLL\OnlineRecuitmentSystemBLL.csproj", "{37935058-DC52-4158-8B5B-681E5B2038B9}"
EndProject
Project("{FAE04EC0-301F-11D3-BF4B-00C04F79EFBC}") = "OnlineRecuitmentSystemDAL", "OnlineRecuitmentSystemDAL\OnlineRecuitmentSystemDAL.csproj", "{6512FE14-3AB9-462C-9C7C-95EF6F1A662D}"
EndProject
Project("{FAE04EC0-301F-11D3-BF4B-00C04F79EFBC}") = "OnlineRecuitmentSystemIBLL", "OnlineRecuitmentSystemIBLL\OnlineRecuitmentSystemIBLL.csproj", "{C0471BA9-01C0-438B-8C5F-91ED4AD0CF7D}"
EndProject
Project("{FAE04EC0-301F-11D3-BF4B-00C04F79EFBC}") = "OnlineRecuitmentSystemIDAL", "OnlineRecuitmentSystemIDAL\OnlineRecuitmentSystemIDAL.csproj", "{1F22F774-FBEB-467D-B65F-1438E095239E}"
EndProject
Project("{FAE04EC0-301F-11D3-BF4B-00C04F79EFBC}") = "Common", "Common\Common.csproj", "{641EF7BE-706D-46DE-84F8-6ACD40200D07}"
EndProject
Global
	GlobalSection(SolutionConfigurationPlatforms) = preSolution
		Debug|Any CPU = Debug|Any CPU
		Release|Any CPU = Release|Any CPU
	EndGlobalSection
	GlobalSection(ProjectConfigurationPlatforms) = postSolution
		{FB6E50E2-3132-45C6-8CC8-F439716EB6BF}.Debug|Any CPU.ActiveCfg = Debug|Any CPU
		{FB6E50E2-3132-45C6-8CC8-F439716EB6BF}.Debug|Any CPU.Build.0 = Debug|Any CPU
		{FB6E50E2-3132-45C6-8CC8-F439716EB6BF}.Release|Any CPU.ActiveCfg = Release|Any CPU
		{FB6E50E2-3132-45C6-8CC8-F439716EB6BF}.Release|Any CPU.Build.0 = Release|Any CPU
		{F67AED58-26E8-46BD-8FA5-9C0762D2D8E9}.Debug|Any CPU.ActiveCfg = Debug|Any CPU
		{F67AED58-26E8-46BD-8FA5-9C0762D2D8E9}.Debug|Any CPU.Build.0 = Debug|Any CPU
		{F67AED58-26E8-46BD-8FA5-9C0762D2D8E9}.Release|Any CPU.ActiveCfg = Release|Any CPU
		{F67AED58-26E8-46BD-8FA5-9C0762D2D8E9}.Release|Any CPU.Build.0 = Release|Any CPU
		{37935058-DC52-4158-8B5B-681E5B2038B9}.Debug|Any CPU.ActiveCfg = Debug|Any CPU
		{37935058-DC52-4158-8B5B-681E5B2038B9}.Debug|Any CPU.Build.0 = Debug|Any CPU
		{37935058-DC52-4158-8B5B-681E5B2038B9}.Release|Any CPU.ActiveCfg = Release|Any CPU
		{37935058-DC52-4158-8B5B-681E5B2038B9}.Release|Any CPU.Build.0 = Release|Any CPU
		{6512FE14-3AB9-462C-9C7C-95EF6F1A662D}.Debug|Any CPU.ActiveCfg = Debug|Any CPU
		{6512FE14-3AB9-462C-9C7C-95EF6F1A662D}.Debug|Any CPU.Build.0 = Debug|Any CPU
		{6512FE14-3AB9-462C-9C7C-95EF6F1A662D}.Release|Any CPU.ActiveCfg = Release|Any CPU
		{6512FE14-3AB9-462C-9C7C-95EF6F1A662D}.Release|Any CPU.Build.0 = Release|Any CPU
		{C0471BA9-01C0-438B-8C5F-91ED4AD0CF7D}.Debug|Any CPU.ActiveCfg = Debug|Any CPU
		{C0471BA9-01C0-438B-8C5F-91ED4AD0CF7D}.Debug|Any CPU.Build.0 = Debug|Any CPU
		{C0471BA9-01C0-438B-8C5F-91ED4AD0CF7D}.Release|Any CPU.ActiveCfg = Release|Any CPU
		{C0471BA9-01C0-438B-8C5F-91ED4AD0CF7D}.Release|Any CPU.Build.0 = Release|Any CPU
		{1F22F774-FBEB-467D-B65F-1438E095239E}.Debug|Any CPU.ActiveCfg = Debug|Any CPU
		{1F22F774-FBEB-467D-B65F-1438E095239E}.Debug|Any CPU.Build.0 = Debug|Any CPU
		{1F22F774-FBEB-467D-B65F-1438E095239E}.Release|Any CPU.ActiveCfg = Release|Any CPU
		{1F22F774-FBEB-467D-B65F-1438E095239E}.Release|Any CPU.Build.0 = Release|Any CPU
		{641EF7BE-706D-46DE-84F8-6ACD40200D07}.Debug|Any CPU.ActiveCfg = Debug|Any CPU
		{641EF7BE-706D-46DE-84F8-6ACD40200D07}.Debug|Any CPU.Build.0 = Debug|Any CPU
		{641EF7BE-706D-46DE-84F8-6ACD40200D07}.Release|Any CPU.ActiveCfg = Release|Any CPU
		{641EF7BE-706D-46DE-84F8-6ACD40200D07}.Release|Any CPU.Build.0 = Release|Any CPU
	EndGlobalSection
	GlobalSection(SolutionProperties) = preSolution
		HideSolutionNode = FALSE
	EndGlobalSection
	GlobalSection(ExtensibilityGlobals) = postSolution
		SolutionGuid = {F3777B62-B995-4295-9BC8-19A46786F0BA}
	EndGlobalSection
EndGlobal
